// !$*UTF8*$!
{
	archiveVersion = 1;
	classes = {
	};
	objectVersion = 46;
	objects = {

/* Begin PBXBuildFile section */
		337A2E231EE4BF7D00738B06 /* AppDelegate.swift in Sources */ = {isa = PBXBuildFile; fileRef = 337A2E221EE4BF7D00738B06 /* AppDelegate.swift */; };
		337A2E251EE4BF7D00738B06 /* ViewControllerAdvanced.swift in Sources */ = {isa = PBXBuildFile; fileRef = 337A2E241EE4BF7D00738B06 /* ViewControllerAdvanced.swift */; };
		337A2E281EE4BF7D00738B06 /* Main.storyboard in Resources */ = {isa = PBXBuildFile; fileRef = 337A2E261EE4BF7D00738B06 /* Main.storyboard */; };
		337A2E2B1EE4BF7D00738B06 /* WingLoad.xcdatamodeld in Sources */ = {isa = PBXBuildFile; fileRef = 337A2E291EE4BF7D00738B06 /* WingLoad.xcdatamodeld */; };
		337A2E2D1EE4BF7D00738B06 /* Assets.xcassets in Resources */ = {isa = PBXBuildFile; fileRef = 337A2E2C1EE4BF7D00738B06 /* Assets.xcassets */; };
		337A2E301EE4BF7D00738B06 /* LaunchScreen.storyboard in Resources */ = {isa = PBXBuildFile; fileRef = 337A2E2E1EE4BF7D00738B06 /* LaunchScreen.storyboard */; };
		337A2E3C1EE6523500738B06 /* ViewControllerSimple.swift in Sources */ = {isa = PBXBuildFile; fileRef = 337A2E3B1EE6523500738B06 /* ViewControllerSimple.swift */; };
/* End PBXBuildFile section */

/* Begin PBXFileReference section */
		337A2E1F1EE4BF7D00738B06 /* WingLoad.app */ = {isa = PBXFileReference; explicitFileType = wrapper.application; includeInIndex = 0; path = WingLoad.app; sourceTree = BUILT_PRODUCTS_DIR; };
		337A2E221EE4BF7D00738B06 /* AppDelegate.swift */ = {isa = PBXFileReference; lastKnownFileType = sourcecode.swift; path = AppDelegate.swift; sourceTree = "<group>"; };
		337A2E241EE4BF7D00738B06 /* ViewControllerAdvanced.swift */ = {isa = PBXFileReference; lastKnownFileType = sourcecode.swift; path = ViewControllerAdvanced.swift; sourceTree = "<group>"; };
		337A2E271EE4BF7D00738B06 /* Base */ = {isa = PBXFileReference; lastKnownFileType = file.storyboard; name = Base; path = Base.lproj/Main.storyboard; sourceTree = "<group>"; };
		337A2E2A1EE4BF7D00738B06 /* WingLoad.xcdatamodel */ = {isa = PBXFileReference; lastKnownFileType = wrapper.xcdatamodel; path = WingLoad.xcdatamodel; sourceTree = "<group>"; };
		337A2E2C1EE4BF7D00738B06 /* Assets.xcassets */ = {isa = PBXFileReference; lastKnownFileType = folder.assetcatalog; path = Assets.xcassets; sourceTree = "<group>"; };
		337A2E2F1EE4BF7D00738B06 /* Base */ = {isa = PBXFileReference; lastKnownFileType = file.storyboard; name = Base; path = Base.lproj/LaunchScreen.storyboard; sourceTree = "<group>"; };
		337A2E311EE4BF7D00738B06 /* Info.plist */ = {isa = PBXFileReference; lastKnownFileType = text.plist.xml; path = Info.plist; sourceTree = "<group>"; };
		337A2E3B1EE6523500738B06 /* ViewControllerSimple.swift */ = {isa = PBXFileReference; fileEncoding = 4; lastKnownFileType = sourcecode.swift; path = ViewControllerSimple.swift; sourceTree = "<group>"; };
/* End PBXFileReference section */

/* Begin PBXFrameworksBuildPhase section */
		337A2E1C1EE4BF7D00738B06 /* Frameworks */ = {
			isa = PBXFrameworksBuildPhase;
			buildActionMask = 2147483647;
			files = (
			);
			runOnlyForDeploymentPostprocessing = 0;
		};
/* End PBXFrameworksBuildPhase section */

/* Begin PBXGroup section */
		337A2E161EE4BF7D00738B06 = {
			isa = PBXGroup;
			children = (
				337A2E211EE4BF7D00738B06 /* WingLoad */,
				337A2E201EE4BF7D00738B06 /* Products */,
			);
			sourceTree = "<group>";
		};
		337A2E201EE4BF7D00738B06 /* Products */ = {
			isa = PBXGroup;
			children = (
				337A2E1F1EE4BF7D00738B06 /* WingLoad.app */,
			);
			name = Products;
			sourceTree = "<group>";
		};
		337A2E211EE4BF7D00738B06 /* WingLoad */ = {
			isa = PBXGroup;
			children = (
				337A2E3B1EE6523500738B06 /* ViewControllerSimple.swift */,
				337A2E221EE4BF7D00738B06 /* AppDelegate.swift */,
				337A2E241EE4BF7D00738B06 /* ViewControllerAdvanced.swift */,
				337A2E261EE4BF7D00738B06 /* Main.storyboard */,
				337A2E2C1EE4BF7D00738B06 /* Assets.xcassets */,
				337A2E2E1EE4BF7D00738B06 /* LaunchScreen.storyboard */,
				337A2E311EE4BF7D00738B06 /* Info.plist */,
				337A2E291EE4BF7D00738B06 /* WingLoad.xcdatamodeld */,
			);
			path = WingLoad;
			sourceTree = "<group>";
		};
/* End PBXGroup section */

/* Begin PBXNativeTarget section */
		337A2E1E1EE4BF7D00738B06 /* WingLoad */ = {
			isa = PBXNativeTarget;
			buildConfigurationList = 337A2E341EE4BF7D00738B06 /* Build configuration list for PBXNativeTarget "WingLoad" */;
			buildPhases = (
				337A2E1B1EE4BF7D00738B06 /* Sources */,
				337A2E1C1EE4BF7D00738B06 /* Frameworks */,
				337A2E1D1EE4BF7D00738B06 /* Resources */,
			);
			buildRules = (
			);
			dependencies = (
			);
			name = WingLoad;
			productName = WingLoad;
			productReference = 337A2E1F1EE4BF7D00738B06 /* WingLoad.app */;
			productType = "com.apple.product-type.application";
		};
/* End PBXNativeTarget section */

/* Begin PBXProject section */
		337A2E171EE4BF7D00738B06 /* Project object */ = {
			isa = PBXProject;
			attributes = {
				LastSwiftUpdateCheck = 0830;
				LastUpgradeCheck = 0830;
				ORGANIZATIONNAME = Hemstreet;
				TargetAttributes = {
					337A2E1E1EE4BF7D00738B06 = {
						CreatedOnToolsVersion = 8.3.2;
						DevelopmentTeam = 8ZS3ZMM9DT;
						ProvisioningStyle = Automatic;
					};
				};
			};
			buildConfigurationList = 337A2E1A1EE4BF7D00738B06 /* Build configuration list for PBXProject "WingLoad" */;
			compatibilityVersion = "Xcode 3.2";
			developmentRegion = English;
			hasScannedForEncodings = 0;
			knownRegions = (
				en,
				Base,
			);
			mainGroup = 337A2E161EE4BF7D00738B06;
			productRefGroup = 337A2E201EE4BF7D00738B06 /* Products */;
			projectDirPath = "";
			projectRoot = "";
			targets = (
				337A2E1E1EE4BF7D00738B06 /* WingLoad */,
			);
		};
/* End PBXProject section */

/* Begin PBXResourcesBuildPhase section */
		337A2E1D1EE4BF7D00738B06 /* Resources */ = {
			isa = PBXResourcesBuildPhase;
			buildActionMask = 2147483647;
			files = (
				337A2E301EE4BF7D00738B06 /* LaunchScreen.storyboard in Resources */,
				337A2E2D1EE4BF7D00738B06 /* Assets.xcassets in Resources */,
				337A2E281EE4BF7D00738B06 /* Main.storyboard in Resources */,
			);
			runOnlyForDeploymentPostprocessing = 0;
		};
/* End PBXResourcesBuildPhase section */

/* Begin PBXSourcesBuildPhase section */
		337A2E1B1EE4BF7D00738B06 /* Sources */ = {
			isa = PBXSourcesBuildPhase;
			buildActionMask = 2147483647;
			files = (
				337A2E251EE4BF7D00738B06 /* ViewControllerAdvanced.swift in Sources */,
				337A2E2B1EE4BF7D00738B06 /* WingLoad.xcdatamodeld in Sources */,
				337A2E231EE4BF7D00738B06 /* AppDelegate.swift in Sources */,
				337A2E3C1EE6523500738B06 /* ViewControllerSimple.swift in Sources */,
			);
			runOnlyForDeploymentPostprocessing = 0;
		};
/* End PBXSourcesBuildPhase section */

/* Begin PBXVariantGroup section */
		337A2E261EE4BF7D00738B06 /* Main.storyboard */ = {
			isa = PBXVariantGroup;
			children = (
				337A2E271EE4BF7D00738B06 /* Base */,
			);
			name = Main.storyboard;
			sourceTree = "<group>";
		};
		337A2E2E1EE4BF7D00738B06 /* LaunchScreen.storyboard */ = {
			isa = PBXVariantGroup;
			children = (
				337A2E2F1EE4BF7D00738B06 /* Base */,
			);
			name = LaunchScreen.storyboard;
			sourceTree = "<group>";
		};
/* End PBXVariantGroup section */

/* Begin XCBuildConfiguration section */
		337A2E321EE4BF7D00738B06 /* Debug */ = {
			isa = XCBuildConfiguration;
			buildSettings = {
				ALWAYS_SEARCH_USER_PATHS = NO;
				CLANG_ANALYZER_NONNULL = YES;
				CLANG_ANALYZER_NUMBER_OBJECT_CONVERSION = YES_AGGRESSIVE;
				CLANG_CXX_LANGUAGE_STANDARD = "gnu++0x";
				CLANG_CXX_LIBRARY = "libc++";
				CLANG_ENABLE_MODULES = YES;
				CLANG_ENABLE_OBJC_ARC = YES;
				CLANG_WARN_BOOL_CONVERSION = YES;
				CLANG_WARN_CONSTANT_CONVERSION = YES;
				CLANG_WARN_DIRECT_OBJC_ISA_USAGE = YES_ERROR;
				CLANG_WARN_DOCUMENTATION_COMMENTS = YES;
				CLANG_WARN_EMPTY_BODY = YES;
				CLANG_WARN_ENUM_CONVERSION = YES;
				CLANG_WARN_INFINITE_RECURSION = YES;
				CLANG_WARN_INT_CONVERSION = YES;
				CLANG_WARN_OBJC_ROOT_CLASS = YES_ERROR;
				CLANG_WARN_SUSPICIOUS_MOVE = YES;
				CLANG_WARN_UNREACHABLE_CODE = YES;
				CLANG_WARN__DUPLICATE_METHOD_MATCH = YES;
				"CODE_SIGN_IDENTITY[sdk=iphoneos*]" = "iPhone Developer";
				COPY_PHASE_STRIP = NO;
				DEBUG_INFORMATION_FORMAT = dwarf;
				ENABLE_STRICT_OBJC_MSGSEND = YES;
				ENABLE_TESTABILITY = YES;
				GCC_C_LANGUAGE_STANDARD = gnu99;
				GCC_DYNAMIC_NO_PIC = NO;
				GCC_NO_COMMON_BLOCKS = YES;
				GCC_OPTIMIZATION_LEVEL = 0;
				GCC_PREPROCESSOR_DEFINITIONS = (
					"DEBUG=1",
					"$(inherited)",
				);
				GCC_WARN_64_TO_32_BIT_CONVERSION = YES;
				GCC_WARN_ABOUT_RETURN_TYPE = YES_ERROR;
				GCC_WARN_UNDECLARED_SELECTOR = YES;
				GCC_WARN_UNINITIALIZED_AUTOS = YES_AGGRESSIVE;
				GCC_WARN_UNUSED_FUNCTION = YES;
				GCC_WARN_UNUSED_VARIABLE = YES;
				IPHONEOS_DEPLOYMENT_TARGET = 10.3;
				MTL_ENABLE_DEBUG_INFO = YES;
				ONLY_ACTIVE_ARCH = YES;
				SDKROOT = iphoneos;
				SWIFT_ACTIVE_COMPILATION_CONDITIONS = DEBUG;
				SWIFT_OPTIMIZATION_LEVEL = "-Onone";
			};
			name = Debug;
		};
		337A2E331EE4BF7D00738B06 /* Release */ = {
			isa = XCBuildConfiguration;
			buildSettings = {
				ALWAYS_SEARCH_USER_PATHS = NO;
				CLANG_ANALYZER_NONNULL = YES;
				CLANG_ANALYZER_NUMBER_OBJECT_CONVERSION = YES_AGGRESSIVE;
				CLANG_CXX_LANGUAGE_STANDARD = "gnu++0x";
				CLANG_CXX_LIBRARY = "libc++";
				CLANG_ENABLE_MODULES = YES;
				CLANG_ENABLE_OBJC_ARC = YES;
				CLANG_WARN_BOOL_CONVERSION = YES;
				CLANG_WARN_CONSTANT_CONVERSION = YES;
				CLANG_WARN_DIRECT_OBJC_ISA_USAGE = YES_ERROR;
				CLANG_WARN_DOCUMENTATION_COMMENTS = YES;
				CLANG_WARN_EMPTY_BODY = YES;
				CLANG_WARN_ENUM_CONVERSION = YES;
				CLANG_WARN_INFINITE_RECURSION = YES;
				CLANG_WARN_INT_CONVERSION = YES;
				CLANG_WARN_OBJC_ROOT_CLASS = YES_ERROR;
				CLANG_WARN_SUSPICIOUS_MOVE = YES;
				CLANG_WARN_UNREACHABLE_CODE = YES;
				CLANG_WARN__DUPLICATE_METHOD_MATCH = YES;
				"CODE_SIGN_IDENTITY[sdk=iphoneos*]" = "iPhone Developer";
				COPY_PHASE_STRIP = NO;
				DEBUG_INFORMATION_FORMAT = "dwarf-with-dsym";
				ENABLE_NS_ASSERTIONS = NO;
				ENABLE_STRICT_OBJC_MSGSEND = YES;
				GCC_C_LANGUAGE_STANDARD = gnu99;
				GCC_NO_COMMON_BLOCKS = YES;
				GCC_WARN_64_TO_32_BIT_CONVERSION = YES;
				GCC_WARN_ABOUT_RETURN_TYPE = YES_ERROR;
				GCC_WARN_UNDECLARED_SELECTOR = YES;
				GCC_WARN_UNINITIALIZED_AUTOS = YES_AGGRESSIVE;
				GCC_WARN_UNUSED_FUNCTION = YES;
				GCC_WARN_UNUSED_VARIABLE = YES;
				IPHONEOS_DEPLOYMENT_TARGET = 10.3;
				MTL_ENABLE_DEBUG_INFO = NO;
				SDKROOT = iphoneos;
				SWIFT_OPTIMIZATION_LEVEL = "-Owholemodule";
				VALIDATE_PRODUCT = YES;
			};
			name = Release;
		};
		337A2E351EE4BF7D00738B06 /* Debug */ = {
			isa = XCBuildConfiguration;
			buildSettings = {
				ASSETCATALOG_COMPILER_APPICON_NAME = AppIcon;
				DEVELOPMENT_TEAM = 8ZS3ZMM9DT;
				INFOPLIST_FILE = WingLoad/Info.plist;
				LD_RUNPATH_SEARCH_PATHS = "$(inherited) @executable_path/Frameworks";
				PRODUCT_BUNDLE_IDENTIFIER = com.hemstreet.WingLoad;
				PRODUCT_NAME = "$(TARGET_NAME)";
				SWIFT_VERSION = 3.0;
			};
			name = Debug;
		};
		337A2E361EE4BF7D00738B06 /* Release */ = {
			isa = XCBuildConfiguration;
			buildSettings = {
				ASSETCATALOG_COMPILER_APPICON_NAME = AppIcon;
				DEVELOPMENT_TEAM = 8ZS3ZMM9DT;
				INFOPLIST_FILE = WingLoad/Info.plist;
				LD_RUNPATH_SEARCH_PATHS = "$(inherited) @executable_path/Frameworks";
				PRODUCT_BUNDLE_IDENTIFIER = com.hemstreet.WingLoad;
				PRODUCT_NAME = "$(TARGET_NAME)";
				SWIFT_VERSION = 3.0;
			};
			name = Release;
		};
/* End XCBuildConfiguration section */

/* Begin XCConfigurationList section */
		337A2E1A1EE4BF7D00738B06 /* Build configuration list for PBXProject "WingLoad" */ = {
			isa = XCConfigurationList;
			buildConfigurations = (
				337A2E321EE4BF7D00738B06 /* Debug */,
				337A2E331EE4BF7D00738B06 /* Release */,
			);
			defaultConfigurationIsVisible = 0;
			defaultConfigurationName = Release;
		};
		337A2E341EE4BF7D00738B06 /* Build configuration list for PBXNativeTarget "WingLoad" */ = {
			isa = XCConfigurationList;
			buildConfigurations = (
				337A2E351EE4BF7D00738B06 /* Debug */,
				337A2E361EE4BF7D00738B06 /* Release */,
			);
			defaultConfigurationIsVisible = 0;
		};
/* End XCConfigurationList section */

/* Begin XCVersionGroup section */
		337A2E291EE4BF7D00738B06 /* WingLoad.xcdatamodeld */ = {
			isa = XCVersionGroup;
			children = (
				337A2E2A1EE4BF7D00738B06 /* WingLoad.xcdatamodel */,
			);
			currentVersion = 337A2E2A1EE4BF7D00738B06 /* WingLoad.xcdatamodel */;
			path = WingLoad.xcdatamodeld;
			sourceTree = "<group>";
			versionGroupType = wrapper.xcdatamodel;
		};
/* End XCVersionGroup section */
	};
	rootObject = 337A2E171EE4BF7D00738B06 /* Project object */;
}
